
Microsoft Visual Studio Solution File, Format Version 12.00
# Visual Studio Version 16
VisualStudioVersion = 16.0.29025.244
MinimumVisualStudioVersion = 10.0.40219.1
Project("{2150E333-8FDC-42A3-9474-1A3956D46DE8}") = "Tests", "Tests", "{0B691FAD-DA8D-4040-84C8-F32B8B08956C}"
EndProject
Project("{9A19103F-16F7-4668-BE54-9A1E7A4F7556}") = "Jp.AspNetCore.PasswordHasher.Tests", "Jp.AspNetCore.PasswordHasher.Tests\Jp.AspNetCore.PasswordHasher.Tests.csproj", "{BAEAF995-B2EF-40AB-B92A-40ED17C5D91C}"
EndProject
Project("{9A19103F-16F7-4668-BE54-9A1E7A4F7556}") = "Jp.AspNetCore.PasswordHasher.Argon2", "Jp.AspNetCore.PasswordHasher.Argon2\Jp.AspNetCore.PasswordHasher.Argon2.csproj", "{38E960CD-9B65-4B20-BDD2-BB1F9FD259DE}"
EndProject
Project("{9A19103F-16F7-4668-BE54-9A1E7A4F7556}") = "Jp.AspNetCore.PasswordHasher.Core", "Jp.AspNetCore.PasswordHasher.Core\Jp.AspNetCore.PasswordHasher.Core.csproj", "{C6E0E53D-18CE-4BA1-A7CA-182ACF64E3AD}"
EndProject
Project("{9A19103F-16F7-4668-BE54-9A1E7A4F7556}") = "Jp.AspNetCore.PasswordHasher.Scrypt", "Jp.AspNetCore.PasswordHasher.Scrypt\Jp.AspNetCore.PasswordHasher.Scrypt.csproj", "{24DE60CB-7807-45F1-8303-37567B3D231C}"
EndProject
Project("{2150E333-8FDC-42A3-9474-1A3956D46DE8}") = "Demo", "Demo", "{38AC711A-1A85-4B42-A3DD-9116926A18B7}"
EndProject
Project("{FAE04EC0-301F-11D3-BF4B-00C04F79EFBC}") = "Jp.AspNetCore.PasswordHasher.Identity.Demo", "Jp.AspNetCore.PasswordHasher.Identity.Demo\Jp.AspNetCore.PasswordHasher.Identity.Demo.csproj", "{663CB324-B8CA-40B1-BE0C-686743B694C6}"
EndProject
Global
	GlobalSection(SolutionConfigurationPlatforms) = preSolution
		Debug|Any CPU = Debug|Any CPU
		Release|Any CPU = Release|Any CPU
	EndGlobalSection
	GlobalSection(ProjectConfigurationPlatforms) = postSolution
		{BAEAF995-B2EF-40AB-B92A-40ED17C5D91C}.Debug|Any CPU.ActiveCfg = Debug|Any CPU
		{BAEAF995-B2EF-40AB-B92A-40ED17C5D91C}.Debug|Any CPU.Build.0 = Debug|Any CPU
		{BAEAF995-B2EF-40AB-B92A-40ED17C5D91C}.Release|Any CPU.ActiveCfg = Release|Any CPU
		{BAEAF995-B2EF-40AB-B92A-40ED17C5D91C}.Release|Any CPU.Build.0 = Release|Any CPU
		{38E960CD-9B65-4B20-BDD2-BB1F9FD259DE}.Debug|Any CPU.ActiveCfg = Debug|Any CPU
		{38E960CD-9B65-4B20-BDD2-BB1F9FD259DE}.Debug|Any CPU.Build.0 = Debug|Any CPU
		{38E960CD-9B65-4B20-BDD2-BB1F9FD259DE}.Release|Any CPU.ActiveCfg = Release|Any CPU
		{38E960CD-9B65-4B20-BDD2-BB1F9FD259DE}.Release|Any CPU.Build.0 = Release|Any CPU
		{C6E0E53D-18CE-4BA1-A7CA-182ACF64E3AD}.Debug|Any CPU.ActiveCfg = Debug|Any CPU
		{C6E0E53D-18CE-4BA1-A7CA-182ACF64E3AD}.Debug|Any CPU.Build.0 = Debug|Any CPU
		{C6E0E53D-18CE-4BA1-A7CA-182ACF64E3AD}.Release|Any CPU.ActiveCfg = Release|Any CPU
		{C6E0E53D-18CE-4BA1-A7CA-182ACF64E3AD}.Release|Any CPU.Build.0 = Release|Any CPU
		{24DE60CB-7807-45F1-8303-37567B3D231C}.Debug|Any CPU.ActiveCfg = Debug|Any CPU
		{24DE60CB-7807-45F1-8303-37567B3D231C}.Debug|Any CPU.Build.0 = Debug|Any CPU
		{24DE60CB-7807-45F1-8303-37567B3D231C}.Release|Any CPU.ActiveCfg = Release|Any CPU
		{24DE60CB-7807-45F1-8303-37567B3D231C}.Release|Any CPU.Build.0 = Release|Any CPU
		{663CB324-B8CA-40B1-BE0C-686743B694C6}.Debug|Any CPU.ActiveCfg = Debug|Any CPU
		{663CB324-B8CA-40B1-BE0C-686743B694C6}.Debug|Any CPU.Build.0 = Debug|Any CPU
		{663CB324-B8CA-40B1-BE0C-686743B694C6}.Release|Any CPU.ActiveCfg = Release|Any CPU
		{663CB324-B8CA-40B1-BE0C-686743B694C6}.Release|Any CPU.Build.0 = Release|Any CPU
	EndGlobalSection
	GlobalSection(SolutionProperties) = preSolution
		HideSolutionNode = FALSE
	EndGlobalSection
	GlobalSection(NestedProjects) = preSolution
		{BAEAF995-B2EF-40AB-B92A-40ED17C5D91C} = {0B691FAD-DA8D-4040-84C8-F32B8B08956C}
		{663CB324-B8CA-40B1-BE0C-686743B694C6} = {38AC711A-1A85-4B42-A3DD-9116926A18B7}
	EndGlobalSection
	GlobalSection(ExtensibilityGlobals) = postSolution
		SolutionGuid = {CCF016B8-00A9-4245-9E22-86F3ADD7D3E8}
	EndGlobalSection
EndGlobal
